
Microsoft Visual Studio Solution File, Format Version 12.00
# Visual Studio Version 17
VisualStudioVersion = 17.13.35825.156 d17.13
MinimumVisualStudioVersion = 10.0.40219.1
Project("{FAE04EC0-301F-11D3-BF4B-00C04F79EFBC}") = "PressureTestRunner", "PressureTestRunner.csproj", "{4726DAEA-CEA1-46A4-ABF8-EB6E6AFED2EA}"
EndProject
Global
	GlobalSection(SolutionConfigurationPlatforms) = preSolution
		Debug|Any CPU = Debug|Any CPU
		Debug|x64 = Debug|x64
		Release|Any CPU = Release|Any CPU
		Release|x64 = Release|x64
	EndGlobalSection
	GlobalSection(ProjectConfigurationPlatforms) = postSolution
		{4726DAEA-CEA1-46A4-ABF8-EB6E6AFED2EA}.Debug|Any CPU.ActiveCfg = Debug|Any CPU
		{4726DAEA-CEA1-46A4-ABF8-EB6E6AFED2EA}.Debug|Any CPU.Build.0 = Debug|Any CPU
		{4726DAEA-CEA1-46A4-ABF8-EB6E6AFED2EA}.Debug|x64.ActiveCfg = Debug|x64
		{4726DAEA-CEA1-46A4-ABF8-EB6E6AFED2EA}.Debug|x64.Build.0 = Debug|x64
		{4726DAEA-CEA1-46A4-ABF8-EB6E6AFED2EA}.Release|Any CPU.ActiveCfg = Release|Any CPU
		{4726DAEA-CEA1-46A4-ABF8-EB6E6AFED2EA}.Release|Any CPU.Build.0 = Release|Any CPU
		{4726DAEA-CEA1-46A4-ABF8-EB6E6AFED2EA}.Release|x64.ActiveCfg = Release|x64
		{4726DAEA-CEA1-46A4-ABF8-EB6E6AFED2EA}.Release|x64.Build.0 = Release|x64
	EndGlobalSection
	GlobalSection(SolutionProperties) = preSolution
		HideSolutionNode = FALSE
	EndGlobalSection
	GlobalSection(ExtensibilityGlobals) = postSolution
		SolutionGuid = {16CC0518-0D6C-421B-80D3-14070DDEC264}
	EndGlobalSection
EndGlobal
